// !$*UTF8*$!
{
	archiveVersion = 1;
	classes = {
	};
	objectVersion = 46;
	objects = {

/* Begin PBXBuildFile section */
		45ECE74C1ABE6E59006966D0 /* main.m in Sources */ = {isa = PBXBuildFile; fileRef = 45ECE74B1ABE6E59006966D0 /* main.m */; };
		45ECE74F1ABE6E59006966D0 /* AppDelegate.m in Sources */ = {isa = PBXBuildFile; fileRef = 45ECE74E1ABE6E59006966D0 /* AppDelegate.m */; };
		45ECE7521ABE6E59006966D0 /* ViewController.m in Sources */ = {isa = PBXBuildFile; fileRef = 45ECE7511ABE6E59006966D0 /* ViewController.m */; };
		45ECE7551ABE6E59006966D0 /* Main.storyboard in Resources */ = {isa = PBXBuildFile; fileRef = 45ECE7531ABE6E59006966D0 /* Main.storyboard */; };
		45ECE7571ABE6E59006966D0 /* Images.xcassets in Resources */ = {isa = PBXBuildFile; fileRef = 45ECE7561ABE6E59006966D0 /* Images.xcassets */; };
		45ECE75A1ABE6E59006966D0 /* LaunchScreen.xib in Resources */ = {isa = PBXBuildFile; fileRef = 45ECE7581ABE6E59006966D0 /* LaunchScreen.xib */; };
		45ECE7661ABE6E59006966D0 /* aeviou_ios_backendTests.m in Sources */ = {isa = PBXBuildFile; fileRef = 45ECE7651ABE6E59006966D0 /* aeviou_ios_backendTests.m */; };
		45ECE7741AC64984006966D0 /* phanzi.jpg in Resources */ = {isa = PBXBuildFile; fileRef = 45ECE7701AC64984006966D0 /* phanzi.jpg */; };
		45ECE7751AC64984006966D0 /* pinyin_list in Resources */ = {isa = PBXBuildFile; fileRef = 45ECE7711AC64984006966D0 /* pinyin_list */; };
		45ECE7761AC64984006966D0 /* pnode.jpg in Resources */ = {isa = PBXBuildFile; fileRef = 45ECE7721AC64984006966D0 /* pnode.jpg */; };
		45ECE7771AC64984006966D0 /* proot.jpg in Resources */ = {isa = PBXBuildFile; fileRef = 45ECE7731AC64984006966D0 /* proot.jpg */; };
		45ECE77D1AC64A97006966D0 /* AIBackEnd.m in Sources */ = {isa = PBXBuildFile; fileRef = 45ECE77C1AC64A97006966D0 /* AIBackEnd.m */; };
		45ECE7831AC64BC8006966D0 /* AIBPinyinTree.m in Sources */ = {isa = PBXBuildFile; fileRef = 45ECE7821AC64BC8006966D0 /* AIBPinyinTree.m */; };
		45ECE7861AC6574A006966D0 /* DDFileReader.m in Sources */ = {isa = PBXBuildFile; fileRef = 45ECE7851AC6574A006966D0 /* DDFileReader.m */; };
		45ECE78C1AC7AF11006966D0 /* AIBPinyinRoot.m in Sources */ = {isa = PBXBuildFile; fileRef = 45ECE78B1AC7AF11006966D0 /* AIBPinyinRoot.m */; };
/* End PBXBuildFile section */

/* Begin PBXContainerItemProxy section */
		45ECE7601ABE6E59006966D0 /* PBXContainerItemProxy */ = {
			isa = PBXContainerItemProxy;
			containerPortal = 45ECE73E1ABE6E59006966D0 /* Project object */;
			proxyType = 1;
			remoteGlobalIDString = 45ECE7451ABE6E59006966D0;
			remoteInfo = aeviou_ios_backend;
		};
/* End PBXContainerItemProxy section */

/* Begin PBXFileReference section */
		45ECE7461ABE6E59006966D0 /* aeviou_ios_backend.app */ = {isa = PBXFileReference; explicitFileType = wrapper.application; includeInIndex = 0; path = aeviou_ios_backend.app; sourceTree = BUILT_PRODUCTS_DIR; };
		45ECE74A1ABE6E59006966D0 /* Info.plist */ = {isa = PBXFileReference; lastKnownFileType = text.plist.xml; path = Info.plist; sourceTree = "<group>"; };
		45ECE74B1ABE6E59006966D0 /* main.m */ = {isa = PBXFileReference; lastKnownFileType = sourcecode.c.objc; path = main.m; sourceTree = "<group>"; };
		45ECE74D1ABE6E59006966D0 /* AppDelegate.h */ = {isa = PBXFileReference; lastKnownFileType = sourcecode.c.h; path = AppDelegate.h; sourceTree = "<group>"; };
		45ECE74E1ABE6E59006966D0 /* AppDelegate.m */ = {isa = PBXFileReference; lastKnownFileType = sourcecode.c.objc; path = AppDelegate.m; sourceTree = "<group>"; };
		45ECE7501ABE6E59006966D0 /* ViewController.h */ = {isa = PBXFileReference; lastKnownFileType = sourcecode.c.h; path = ViewController.h; sourceTree = "<group>"; };
		45ECE7511ABE6E59006966D0 /* ViewController.m */ = {isa = PBXFileReference; lastKnownFileType = sourcecode.c.objc; path = ViewController.m; sourceTree = "<group>"; };
		45ECE7541ABE6E59006966D0 /* Base */ = {isa = PBXFileReference; lastKnownFileType = file.storyboard; name = Base; path = Base.lproj/Main.storyboard; sourceTree = "<group>"; };
		45ECE7561ABE6E59006966D0 /* Images.xcassets */ = {isa = PBXFileReference; lastKnownFileType = folder.assetcatalog; path = Images.xcassets; sourceTree = "<group>"; };
		45ECE7591ABE6E59006966D0 /* Base */ = {isa = PBXFileReference; lastKnownFileType = file.xib; name = Base; path = Base.lproj/LaunchScreen.xib; sourceTree = "<group>"; };
		45ECE75F1ABE6E59006966D0 /* aeviou_ios_backendTests.xctest */ = {isa = PBXFileReference; explicitFileType = wrapper.cfbundle; includeInIndex = 0; path = aeviou_ios_backendTests.xctest; sourceTree = BUILT_PRODUCTS_DIR; };
		45ECE7641ABE6E59006966D0 /* Info.plist */ = {isa = PBXFileReference; lastKnownFileType = text.plist.xml; path = Info.plist; sourceTree = "<group>"; };
		45ECE7651ABE6E59006966D0 /* aeviou_ios_backendTests.m */ = {isa = PBXFileReference; lastKnownFileType = sourcecode.c.objc; path = aeviou_ios_backendTests.m; sourceTree = "<group>"; };
		45ECE7701AC64984006966D0 /* phanzi.jpg */ = {isa = PBXFileReference; lastKnownFileType = image.jpeg; name = phanzi.jpg; path = "../../../../Downloads/Sliding-IME-Project/assets/phanzi.jpg"; sourceTree = "<group>"; };
		45ECE7711AC64984006966D0 /* pinyin_list */ = {isa = PBXFileReference; fileEncoding = 4; lastKnownFileType = text; name = pinyin_list; path = "../../../../Downloads/Sliding-IME-Project/assets/pinyin_list"; sourceTree = "<group>"; };
		45ECE7721AC64984006966D0 /* pnode.jpg */ = {isa = PBXFileReference; lastKnownFileType = image.jpeg; name = pnode.jpg; path = "../../../../Downloads/Sliding-IME-Project/assets/pnode.jpg"; sourceTree = "<group>"; };
		45ECE7731AC64984006966D0 /* proot.jpg */ = {isa = PBXFileReference; lastKnownFileType = image.jpeg; name = proot.jpg; path = "../../../../Downloads/Sliding-IME-Project/assets/proot.jpg"; sourceTree = "<group>"; };
		45ECE77B1AC64A97006966D0 /* AIBackEnd.h */ = {isa = PBXFileReference; fileEncoding = 4; lastKnownFileType = sourcecode.c.h; path = AIBackEnd.h; sourceTree = "<group>"; };
		45ECE77C1AC64A97006966D0 /* AIBackEnd.m */ = {isa = PBXFileReference; fileEncoding = 4; lastKnownFileType = sourcecode.c.objc; path = AIBackEnd.m; sourceTree = "<group>"; };
		45ECE7811AC64BC8006966D0 /* AIBPinyinTree.h */ = {isa = PBXFileReference; fileEncoding = 4; lastKnownFileType = sourcecode.c.h; path = AIBPinyinTree.h; sourceTree = "<group>"; };
		45ECE7821AC64BC8006966D0 /* AIBPinyinTree.m */ = {isa = PBXFileReference; fileEncoding = 4; lastKnownFileType = sourcecode.c.objc; path = AIBPinyinTree.m; sourceTree = "<group>"; };
		45ECE7841AC6574A006966D0 /* DDFileReader.h */ = {isa = PBXFileReference; fileEncoding = 4; lastKnownFileType = sourcecode.c.h; path = DDFileReader.h; sourceTree = "<group>"; };
		45ECE7851AC6574A006966D0 /* DDFileReader.m */ = {isa = PBXFileReference; fileEncoding = 4; lastKnownFileType = sourcecode.c.objc; path = DDFileReader.m; sourceTree = "<group>"; };
		45ECE78A1AC7AF11006966D0 /* AIBPinyinRoot.h */ = {isa = PBXFileReference; fileEncoding = 4; lastKnownFileType = sourcecode.c.h; path = AIBPinyinRoot.h; sourceTree = "<group>"; };
		45ECE78B1AC7AF11006966D0 /* AIBPinyinRoot.m */ = {isa = PBXFileReference; fileEncoding = 4; lastKnownFileType = sourcecode.c.objc; path = AIBPinyinRoot.m; sourceTree = "<group>"; };
/* End PBXFileReference section */

/* Begin PBXFrameworksBuildPhase section */
		45ECE7431ABE6E59006966D0 /* Frameworks */ = {
			isa = PBXFrameworksBuildPhase;
			buildActionMask = 2147483647;
			files = (
			);
			runOnlyForDeploymentPostprocessing = 0;
		};
		45ECE75C1ABE6E59006966D0 /* Frameworks */ = {
			isa = PBXFrameworksBuildPhase;
			buildActionMask = 2147483647;
			files = (
			);
			runOnlyForDeploymentPostprocessing = 0;
		};
/* End PBXFrameworksBuildPhase section */

/* Begin PBXGroup section */
		45ECE73D1ABE6E59006966D0 = {
			isa = PBXGroup;
			children = (
				45ECE7481ABE6E59006966D0 /* aeviou_ios_backend */,
				45ECE7621ABE6E59006966D0 /* aeviou_ios_backendTests */,
				45ECE7471ABE6E59006966D0 /* Products */,
			);
			sourceTree = "<group>";
		};
		45ECE7471ABE6E59006966D0 /* Products */ = {
			isa = PBXGroup;
			children = (
				45ECE7461ABE6E59006966D0 /* aeviou_ios_backend.app */,
				45ECE75F1ABE6E59006966D0 /* aeviou_ios_backendTests.xctest */,
			);
			name = Products;
			sourceTree = "<group>";
		};
		45ECE7481ABE6E59006966D0 /* aeviou_ios_backend */ = {
			isa = PBXGroup;
			children = (
				45ECE7891AC7AEE8006966D0 /* pRoot */,
				45ECE7881AC7AEE1006966D0 /* pinyinTree */,
				45ECE7871AC6575C006966D0 /* Utils */,
				45ECE76F1AC64954006966D0 /* wordLib */,
				45ECE74D1ABE6E59006966D0 /* AppDelegate.h */,
				45ECE74E1ABE6E59006966D0 /* AppDelegate.m */,
				45ECE7501ABE6E59006966D0 /* ViewController.h */,
				45ECE7511ABE6E59006966D0 /* ViewController.m */,
				45ECE7531ABE6E59006966D0 /* Main.storyboard */,
				45ECE7561ABE6E59006966D0 /* Images.xcassets */,
				45ECE7581ABE6E59006966D0 /* LaunchScreen.xib */,
				45ECE7491ABE6E59006966D0 /* Supporting Files */,
				45ECE77B1AC64A97006966D0 /* AIBackEnd.h */,
				45ECE77C1AC64A97006966D0 /* AIBackEnd.m */,
			);
			path = aeviou_ios_backend;
			sourceTree = "<group>";
		};
		45ECE7491ABE6E59006966D0 /* Supporting Files */ = {
			isa = PBXGroup;
			children = (
				45ECE74A1ABE6E59006966D0 /* Info.plist */,
				45ECE74B1ABE6E59006966D0 /* main.m */,
			);
			name = "Supporting Files";
			sourceTree = "<group>";
		};
		45ECE7621ABE6E59006966D0 /* aeviou_ios_backendTests */ = {
			isa = PBXGroup;
			children = (
				45ECE7651ABE6E59006966D0 /* aeviou_ios_backendTests.m */,
				45ECE7631ABE6E59006966D0 /* Supporting Files */,
			);
			path = aeviou_ios_backendTests;
			sourceTree = "<group>";
		};
		45ECE7631ABE6E59006966D0 /* Supporting Files */ = {
			isa = PBXGroup;
			children = (
				45ECE7641ABE6E59006966D0 /* Info.plist */,
			);
			name = "Supporting Files";
			sourceTree = "<group>";
		};
		45ECE76F1AC64954006966D0 /* wordLib */ = {
			isa = PBXGroup;
			children = (
				45ECE7701AC64984006966D0 /* phanzi.jpg */,
				45ECE7711AC64984006966D0 /* pinyin_list */,
				45ECE7721AC64984006966D0 /* pnode.jpg */,
				45ECE7731AC64984006966D0 /* proot.jpg */,
			);
			name = wordLib;
			sourceTree = "<group>";
		};
		45ECE7871AC6575C006966D0 /* Utils */ = {
			isa = PBXGroup;
			children = (
				45ECE7841AC6574A006966D0 /* DDFileReader.h */,
				45ECE7851AC6574A006966D0 /* DDFileReader.m */,
			);
			name = Utils;
			sourceTree = "<group>";
		};
		45ECE7881AC7AEE1006966D0 /* pinyinTree */ = {
			isa = PBXGroup;
			children = (
				45ECE7811AC64BC8006966D0 /* AIBPinyinTree.h */,
				45ECE7821AC64BC8006966D0 /* AIBPinyinTree.m */,
			);
			name = pinyinTree;
			sourceTree = "<group>";
		};
		45ECE7891AC7AEE8006966D0 /* pRoot */ = {
			isa = PBXGroup;
			children = (
				45ECE78A1AC7AF11006966D0 /* AIBPinyinRoot.h */,
				45ECE78B1AC7AF11006966D0 /* AIBPinyinRoot.m */,
			);
			name = pRoot;
			sourceTree = "<group>";
		};
/* End PBXGroup section */

/* Begin PBXNativeTarget section */
		45ECE7451ABE6E59006966D0 /* aeviou_ios_backend */ = {
			isa = PBXNativeTarget;
			buildConfigurationList = 45ECE7691ABE6E59006966D0 /* Build configuration list for PBXNativeTarget "aeviou_ios_backend" */;
			buildPhases = (
				45ECE7421ABE6E59006966D0 /* Sources */,
				45ECE7431ABE6E59006966D0 /* Frameworks */,
				45ECE7441ABE6E59006966D0 /* Resources */,
			);
			buildRules = (
			);
			dependencies = (
			);
			name = aeviou_ios_backend;
			productName = aeviou_ios_backend;
			productReference = 45ECE7461ABE6E59006966D0 /* aeviou_ios_backend.app */;
			productType = "com.apple.product-type.application";
		};
		45ECE75E1ABE6E59006966D0 /* aeviou_ios_backendTests */ = {
			isa = PBXNativeTarget;
			buildConfigurationList = 45ECE76C1ABE6E59006966D0 /* Build configuration list for PBXNativeTarget "aeviou_ios_backendTests" */;
			buildPhases = (
				45ECE75B1ABE6E59006966D0 /* Sources */,
				45ECE75C1ABE6E59006966D0 /* Frameworks */,
				45ECE75D1ABE6E59006966D0 /* Resources */,
			);
			buildRules = (
			);
			dependencies = (
				45ECE7611ABE6E59006966D0 /* PBXTargetDependency */,
			);
			name = aeviou_ios_backendTests;
			productName = aeviou_ios_backendTests;
			productReference = 45ECE75F1ABE6E59006966D0 /* aeviou_ios_backendTests.xctest */;
			productType = "com.apple.product-type.bundle.unit-test";
		};
/* End PBXNativeTarget section */

/* Begin PBXProject section */
		45ECE73E1ABE6E59006966D0 /* Project object */ = {
			isa = PBXProject;
			attributes = {
				LastUpgradeCheck = 0610;
				ORGANIZATIONNAME = "fb corp.";
				TargetAttributes = {
					45ECE7451ABE6E59006966D0 = {
						CreatedOnToolsVersion = 6.1.1;
					};
					45ECE75E1ABE6E59006966D0 = {
						CreatedOnToolsVersion = 6.1.1;
						TestTargetID = 45ECE7451ABE6E59006966D0;
					};
				};
			};
			buildConfigurationList = 45ECE7411ABE6E59006966D0 /* Build configuration list for PBXProject "aeviou_ios_backend" */;
			compatibilityVersion = "Xcode 3.2";
			developmentRegion = English;
			hasScannedForEncodings = 0;
			knownRegions = (
				en,
				Base,
			);
			mainGroup = 45ECE73D1ABE6E59006966D0;
			productRefGroup = 45ECE7471ABE6E59006966D0 /* Products */;
			projectDirPath = "";
			projectRoot = "";
			targets = (
				45ECE7451ABE6E59006966D0 /* aeviou_ios_backend */,
				45ECE75E1ABE6E59006966D0 /* aeviou_ios_backendTests */,
			);
		};
/* End PBXProject section */

/* Begin PBXResourcesBuildPhase section */
		45ECE7441ABE6E59006966D0 /* Resources */ = {
			isa = PBXResourcesBuildPhase;
			buildActionMask = 2147483647;
			files = (
				45ECE7551ABE6E59006966D0 /* Main.storyboard in Resources */,
				45ECE75A1ABE6E59006966D0 /* LaunchScreen.xib in Resources */,
				45ECE7761AC64984006966D0 /* pnode.jpg in Resources */,
				45ECE7751AC64984006966D0 /* pinyin_list in Resources */,
				45ECE7571ABE6E59006966D0 /* Images.xcassets in Resources */,
				45ECE7741AC64984006966D0 /* phanzi.jpg in Resources */,
				45ECE7771AC64984006966D0 /* proot.jpg in Resources */,
			);
			runOnlyForDeploymentPostprocessing = 0;
		};
		45ECE75D1ABE6E59006966D0 /* Resources */ = {
			isa = PBXResourcesBuildPhase;
			buildActionMask = 2147483647;
			files = (
			);
			runOnlyForDeploymentPostprocessing = 0;
		};
/* End PBXResourcesBuildPhase section */

/* Begin PBXSourcesBuildPhase section */
		45ECE7421ABE6E59006966D0 /* Sources */ = {
			isa = PBXSourcesBuildPhase;
			buildActionMask = 2147483647;
			files = (
				45ECE78C1AC7AF11006966D0 /* AIBPinyinRoot.m in Sources */,
				45ECE7831AC64BC8006966D0 /* AIBPinyinTree.m in Sources */,
				45ECE7521ABE6E59006966D0 /* ViewController.m in Sources */,
				45ECE74F1ABE6E59006966D0 /* AppDelegate.m in Sources */,
				45ECE74C1ABE6E59006966D0 /* main.m in Sources */,
				45ECE7861AC6574A006966D0 /* DDFileReader.m in Sources */,
				45ECE77D1AC64A97006966D0 /* AIBackEnd.m in Sources */,
			);
			runOnlyForDeploymentPostprocessing = 0;
		};
		45ECE75B1ABE6E59006966D0 /* Sources */ = {
			isa = PBXSourcesBuildPhase;
			buildActionMask = 2147483647;
			files = (
				45ECE7661ABE6E59006966D0 /* aeviou_ios_backendTests.m in Sources */,
			);
			runOnlyForDeploymentPostprocessing = 0;
		};
/* End PBXSourcesBuildPhase section */

/* Begin PBXTargetDependency section */
		45ECE7611ABE6E59006966D0 /* PBXTargetDependency */ = {
			isa = PBXTargetDependency;
			target = 45ECE7451ABE6E59006966D0 /* aeviou_ios_backend */;
			targetProxy = 45ECE7601ABE6E59006966D0 /* PBXContainerItemProxy */;
		};
/* End PBXTargetDependency section */

/* Begin PBXVariantGroup section */
		45ECE7531ABE6E59006966D0 /* Main.storyboard */ = {
			isa = PBXVariantGroup;
			children = (
				45ECE7541ABE6E59006966D0 /* Base */,
			);
			name = Main.storyboard;
			sourceTree = "<group>";
		};
		45ECE7581ABE6E59006966D0 /* LaunchScreen.xib */ = {
			isa = PBXVariantGroup;
			children = (
				45ECE7591ABE6E59006966D0 /* Base */,
			);
			name = LaunchScreen.xib;
			sourceTree = "<group>";
		};
/* End PBXVariantGroup section */

/* Begin XCBuildConfiguration section */
		45ECE7671ABE6E59006966D0 /* Debug */ = {
			isa = XCBuildConfiguration;
			buildSettings = {
				ALWAYS_SEARCH_USER_PATHS = NO;
				CLANG_CXX_LANGUAGE_STANDARD = "gnu++0x";
				CLANG_CXX_LIBRARY = "libc++";
				CLANG_ENABLE_MODULES = YES;
				CLANG_ENABLE_OBJC_ARC = YES;
				CLANG_WARN_BOOL_CONVERSION = YES;
				CLANG_WARN_CONSTANT_CONVERSION = YES;
				CLANG_WARN_DIRECT_OBJC_ISA_USAGE = YES_ERROR;
				CLANG_WARN_EMPTY_BODY = YES;
				CLANG_WARN_ENUM_CONVERSION = YES;
				CLANG_WARN_INT_CONVERSION = YES;
				CLANG_WARN_OBJC_ROOT_CLASS = YES_ERROR;
				CLANG_WARN_UNREACHABLE_CODE = YES;
				CLANG_WARN__DUPLICATE_METHOD_MATCH = YES;
				"CODE_SIGN_IDENTITY[sdk=iphoneos*]" = "iPhone Developer";
				COPY_PHASE_STRIP = NO;
				ENABLE_STRICT_OBJC_MSGSEND = YES;
				GCC_C_LANGUAGE_STANDARD = gnu99;
				GCC_DYNAMIC_NO_PIC = NO;
				GCC_OPTIMIZATION_LEVEL = 0;
				GCC_PREPROCESSOR_DEFINITIONS = (
					"DEBUG=1",
					"$(inherited)",
				);
				GCC_SYMBOLS_PRIVATE_EXTERN = NO;
				GCC_WARN_64_TO_32_BIT_CONVERSION = YES;
				GCC_WARN_ABOUT_RETURN_TYPE = YES_ERROR;
				GCC_WARN_UNDECLARED_SELECTOR = YES;
				GCC_WARN_UNINITIALIZED_AUTOS = YES_AGGRESSIVE;
				GCC_WARN_UNUSED_FUNCTION = YES;
				GCC_WARN_UNUSED_VARIABLE = YES;
				IPHONEOS_DEPLOYMENT_TARGET = 8.1;
				MTL_ENABLE_DEBUG_INFO = YES;
				ONLY_ACTIVE_ARCH = YES;
				SDKROOT = iphoneos;
				TARGETED_DEVICE_FAMILY = "1,2";
			};
			name = Debug;
		};
		45ECE7681ABE6E59006966D0 /* Release */ = {
			isa = XCBuildConfiguration;
			buildSettings = {
				ALWAYS_SEARCH_USER_PATHS = NO;
				CLANG_CXX_LANGUAGE_STANDARD = "gnu++0x";
				CLANG_CXX_LIBRARY = "libc++";
				CLANG_ENABLE_MODULES = YES;
				CLANG_ENABLE_OBJC_ARC = YES;
				CLANG_WARN_BOOL_CONVERSION = YES;
				CLANG_WARN_CONSTANT_CONVERSION = YES;
				CLANG_WARN_DIRECT_OBJC_ISA_USAGE = YES_ERROR;
				CLANG_WARN_EMPTY_BODY = YES;
				CLANG_WARN_ENUM_CONVERSION = YES;
				CLANG_WARN_INT_CONVERSION = YES;
				CLANG_WARN_OBJC_ROOT_CLASS = YES_ERROR;
				CLANG_WARN_UNREACHABLE_CODE = YES;
				CLANG_WARN__DUPLICATE_METHOD_MATCH = YES;
				"CODE_SIGN_IDENTITY[sdk=iphoneos*]" = "iPhone Developer";
				COPY_PHASE_STRIP = YES;
				ENABLE_NS_ASSERTIONS = NO;
				ENABLE_STRICT_OBJC_MSGSEND = YES;
				GCC_C_LANGUAGE_STANDARD = gnu99;
				GCC_WARN_64_TO_32_BIT_CONVERSION = YES;
				GCC_WARN_ABOUT_RETURN_TYPE = YES_ERROR;
				GCC_WARN_UNDECLARED_SELECTOR = YES;
				GCC_WARN_UNINITIALIZED_AUTOS = YES_AGGRESSIVE;
				GCC_WARN_UNUSED_FUNCTION = YES;
				GCC_WARN_UNUSED_VARIABLE = YES;
				IPHONEOS_DEPLOYMENT_TARGET = 8.1;
				MTL_ENABLE_DEBUG_INFO = NO;
				SDKROOT = iphoneos;
				TARGETED_DEVICE_FAMILY = "1,2";
				VALIDATE_PRODUCT = YES;
			};
			name = Release;
		};
		45ECE76A1ABE6E59006966D0 /* Debug */ = {
			isa = XCBuildConfiguration;
			buildSettings = {
				ASSETCATALOG_COMPILER_APPICON_NAME = AppIcon;
				INFOPLIST_FILE = aeviou_ios_backend/Info.plist;
				LD_RUNPATH_SEARCH_PATHS = "$(inherited) @executable_path/Frameworks";
				PRODUCT_NAME = "$(TARGET_NAME)";
			};
			name = Debug;
		};
		45ECE76B1ABE6E59006966D0 /* Release */ = {
			isa = XCBuildConfiguration;
			buildSettings = {
				ASSETCATALOG_COMPILER_APPICON_NAME = AppIcon;
				INFOPLIST_FILE = aeviou_ios_backend/Info.plist;
				LD_RUNPATH_SEARCH_PATHS = "$(inherited) @executable_path/Frameworks";
				PRODUCT_NAME = "$(TARGET_NAME)";
			};
			name = Release;
		};
		45ECE76D1ABE6E59006966D0 /* Debug */ = {
			isa = XCBuildConfiguration;
			buildSettings = {
				BUNDLE_LOADER = "$(TEST_HOST)";
				FRAMEWORK_SEARCH_PATHS = (
					"$(SDKROOT)/Developer/Library/Frameworks",
					"$(inherited)",
				);
				GCC_PREPROCESSOR_DEFINITIONS = (
					"DEBUG=1",
					"$(inherited)",
				);
				INFOPLIST_FILE = aeviou_ios_backendTests/Info.plist;
				LD_RUNPATH_SEARCH_PATHS = "$(inherited) @executable_path/Frameworks @loader_path/Frameworks";
				PRODUCT_NAME = "$(TARGET_NAME)";
				TEST_HOST = "$(BUILT_PRODUCTS_DIR)/aeviou_ios_backend.app/aeviou_ios_backend";
			};
			name = Debug;
		};
		45ECE76E1ABE6E59006966D0 /* Release */ = {
			isa = XCBuildConfiguration;
			buildSettings = {
				BUNDLE_LOADER = "$(TEST_HOST)";
				FRAMEWORK_SEARCH_PATHS = (
					"$(SDKROOT)/Developer/Library/Frameworks",
					"$(inherited)",
				);
				INFOPLIST_FILE = aeviou_ios_backendTests/Info.plist;
				LD_RUNPATH_SEARCH_PATHS = "$(inherited) @executable_path/Frameworks @loader_path/Frameworks";
				PRODUCT_NAME = "$(TARGET_NAME)";
				TEST_HOST = "$(BUILT_PRODUCTS_DIR)/aeviou_ios_backend.app/aeviou_ios_backend";
			};
			name = Release;
		};
/* End XCBuildConfiguration section */

/* Begin XCConfigurationList section */
		45ECE7411ABE6E59006966D0 /* Build configuration list for PBXProject "aeviou_ios_backend" */ = {
			isa = XCConfigurationList;
			buildConfigurations = (
				45ECE7671ABE6E59006966D0 /* Debug */,
				45ECE7681ABE6E59006966D0 /* Release */,
			);
			defaultConfigurationIsVisible = 0;
			defaultConfigurationName = Release;
		};
		45ECE7691ABE6E59006966D0 /* Build configuration list for PBXNativeTarget "aeviou_ios_backend" */ = {
			isa = XCConfigurationList;
			buildConfigurations = (
				45ECE76A1ABE6E59006966D0 /* Debug */,
				45ECE76B1ABE6E59006966D0 /* Release */,
			);
			defaultConfigurationIsVisible = 0;
		};
		45ECE76C1ABE6E59006966D0 /* Build configuration list for PBXNativeTarget "aeviou_ios_backendTests" */ = {
			isa = XCConfigurationList;
			buildConfigurations = (
				45ECE76D1ABE6E59006966D0 /* Debug */,
				45ECE76E1ABE6E59006966D0 /* Release */,
			);
			defaultConfigurationIsVisible = 0;
		};
/* End XCConfigurationList section */
	};
	rootObject = 45ECE73E1ABE6E59006966D0 /* Project object */;
}
